{
  "version": 4,
  "terraform_version": "1.15.8",
  "serial": 21,
  "lineage": "05af57a1-0cdc-f11d-3ea9-558e4d950e90",
  "outputs": {},
  "resources": [
    {
      "mode": "managed",
      "type": "aws_ecr_repository",
      "name": "repositories",
      "provider": "provider[\"registry.terraform.io/hashicorp/aws\"]",
      "instances": [
        {
          "index_key": "vprofile-backend",
          "schema_version": 0,
          "attributes": {
            "arn": "arn:aws:ecr:eu-north-1:484056256277:repository/vprofile-backend",
            "encryption_configuration": [
              {
                "encryption_type": "AES256",
                "kms_key": ""
              }
            ],
            "force_delete": null,
            "id": "vprofile-backend",
            "image_scanning_configuration": [
              {
                "scan_on_push": true
              }
            ],
            "image_tag_mutability": "IMMUTABLE",
            "image_tag_mutability_exclusion_filter": [],
            "name": "vprofile-backend",
            "region": "eu-north-1",
            "registry_id": "484056256277",
            "repository_url": "484056256277.dkr.ecr.eu-north-1.amazonaws.com/vprofile-backend",
            "tags": {
              "Project": "vprofile"
            },
            "tags_all": {
              "Project": "vprofile"
            },
            "timeouts": null
          },
          "sensitive_attributes": [],
          "identity_schema_version": 0,
          "identity": {
            "account_id": "484056256277",
            "name": "vprofile-backend",
            "region": "eu-north-1"
          },
          "private": "eyJlMmJmYjczMC1lY2FhLTExZTYtOGY4OC0zNDM2M2JjN2M0YzAiOnsiZGVsZXRlIjoxMjAwMDAwMDAwMDAwfX0="
        },
        {
          "index_key": "vprofile-db",
          "schema_version": 0,
          "attributes": {
            "arn": "arn:aws:ecr:eu-north-1:484056256277:repository/vprofile-db",
            "encryption_configuration": [
              {
                "encryption_type": "AES256",
                "kms_key": ""
              }
            ],
            "force_delete": null,
            "id": "vprofile-db",
            "image_scanning_configuration": [
              {
                "scan_on_push": true
              }
            ],
            "image_tag_mutability": "IMMUTABLE",
            "image_tag_mutability_exclusion_filter": [],
            "name": "vprofile-db",
            "region": "eu-north-1",
            "registry_id": "484056256277",
            "repository_url": "484056256277.dkr.ecr.eu-north-1.amazonaws.com/vprofile-db",
            "tags": {
              "Project": "vprofile"
            },
            "tags_all": {
              "Project": "vprofile"
            },
            "timeouts": null
          },
          "sensitive_attributes": [],
          "identity_schema_version": 0,
          "identity": {
            "account_id": "484056256277",
            "name": "vprofile-db",
            "region": "eu-north-1"
          },
          "private": "eyJlMmJmYjczMC1lY2FhLTExZTYtOGY4OC0zNDM2M2JjN2M0YzAiOnsiZGVsZXRlIjoxMjAwMDAwMDAwMDAwfX0="
        },
        {
          "index_key": "vprofile-frontend",
          "schema_version": 0,
          "attributes": {
            "arn": "arn:aws:ecr:eu-north-1:484056256277:repository/vprofile-frontend",
            "encryption_configuration": [
              {
                "encryption_type": "AES256",
                "kms_key": ""
              }
            ],
            "force_delete": null,
            "id": "vprofile-frontend",
            "image_scanning_configuration": [
              {
                "scan_on_push": true
              }
            ],
            "image_tag_mutability": "IMMUTABLE",
            "image_tag_mutability_exclusion_filter": [],
            "name": "vprofile-frontend",
            "region": "eu-north-1",
            "registry_id": "484056256277",
            "repository_url": "484056256277.dkr.ecr.eu-north-1.amazonaws.com/vprofile-frontend",
            "tags": {
              "Project": "vprofile"
            },
            "tags_all": {
              "Project": "vprofile"
            },
            "timeouts": null
          },
          "sensitive_attributes": [],
          "identity_schema_version": 0,
          "identity": {
            "account_id": "484056256277",
            "name": "vprofile-frontend",
            "region": "eu-north-1"
          },
          "private": "eyJlMmJmYjczMC1lY2FhLTExZTYtOGY4OC0zNDM2M2JjN2M0YzAiOnsiZGVsZXRlIjoxMjAwMDAwMDAwMDAwfX0="
        }
      ]
    },
    {
      "mode": "managed",
      "type": "aws_security_group",
      "name": "sonarqube",
      "provider": "provider[\"registry.terraform.io/hashicorp/aws\"]",
      "instances": [
        {
          "schema_version": 1,
          "attributes": {
            "arn": "arn:aws:ec2:us-east-1:484056256277:security-group/sg-03891b8a12a5c1cac",
            "description": "Security Group for SonarQube",
            "egress": [
              {
                "cidr_blocks": [
                  "0.0.0.0/0"
                ],
                "description": "",
                "from_port": 0,
                "ipv6_cidr_blocks": [],
                "prefix_list_ids": [],
                "protocol": "-1",
                "security_groups": [],
                "self": false,
                "to_port": 0
              }
            ],
            "id": "sg-03891b8a12a5c1cac",
            "ingress": [
              {
                "cidr_blocks": [
                  "0.0.0.0/0"
                ],
                "description": "SonarQube",
                "from_port": 9000,
                "ipv6_cidr_blocks": [],
                "prefix_list_ids": [],
                "protocol": "tcp",
                "security_groups": [],
                "self": false,
                "to_port": 9000
              },
              {
                "cidr_blocks": [
                  "10.0.0.0/16"
                ],
                "description": "SSH",
                "from_port": 22,
                "ipv6_cidr_blocks": [],
                "prefix_list_ids": [],
                "protocol": "tcp",
                "security_groups": [],
                "self": false,
                "to_port": 22
              }
            ],
            "name": "sonarqube-sg",
            "name_prefix": "",
            "owner_id": "484056256277",
            "region": "us-east-1",
            "revoke_rules_on_delete": false,
            "tags": {
              "Name": "sonarqube-sg"
            },
            "tags_all": {
              "Name": "sonarqube-sg"
            },
            "timeouts": null,
            "vpc_id": "vpc-0fd557fef122d585a"
          },
          "sensitive_attributes": [],
          "identity_schema_version": 0,
          "identity": {
            "account_id": "484056256277",
            "id": "sg-03891b8a12a5c1cac",
            "region": "us-east-1"
          },
          "private": "eyJlMmJmYjczMC1lY2FhLTExZTYtOGY4OC0zNDM2M2JjN2M0YzAiOnsiY3JlYXRlIjo2MDAwMDAwMDAwMDAsImRlbGV0ZSI6OTAwMDAwMDAwMDAwfSwic2NoZW1hX3ZlcnNpb24iOiIxIn0="
        }
      ]
    }
  ],
  "check_results": null
}
